
Microsoft Visual Studio Solution File, Format Version 12.00
# Visual Studio 15
VisualStudioVersion = 15.0.26228.23
MinimumVisualStudioVersion = 10.0.40219.1
Project("{FAE04EC0-301F-11D3-BF4B-00C04F79EFBC}") = "MyListApp_2.Android", "MyListApp-2\MyListApp_2.Android\MyListApp_2.Android.csproj", "{258DA313-FFD5-4080-9EB6-F7D34AC91641}"
EndProject
Project("{FAE04EC0-301F-11D3-BF4B-00C04F79EFBC}") = "MyListApp_2", "MyListApp-2\MyListApp_2\MyListApp_2.csproj", "{07CB84D1-2729-4C36-8753-C75430C9A666}"
EndProject
Project("{FAE04EC0-301F-11D3-BF4B-00C04F79EFBC}") = "MyListApp_2.UWP", "MyListApp-2\MyListApp_2.UWP\MyListApp_2.UWP.csproj", "{980CFC91-63A9-499D-A815-1CA584D5551E}"
EndProject
Project("{FAE04EC0-301F-11D3-BF4B-00C04F79EFBC}") = "MyListApp_2.iOS", "MyListApp-2\MyListApp_2.iOS\MyListApp_2.iOS.csproj", "{D203E16F-8815-4BB9-B9EF-9AE4BDD9FE06}"
EndProject
Global
	GlobalSection(SolutionConfigurationPlatforms) = preSolution
		Ad-Hoc|Any CPU = Ad-Hoc|Any CPU
		Ad-Hoc|ARM = Ad-Hoc|ARM
		Ad-Hoc|iPhone = Ad-Hoc|iPhone
		Ad-Hoc|iPhoneSimulator = Ad-Hoc|iPhoneSimulator
		Ad-Hoc|x64 = Ad-Hoc|x64
		Ad-Hoc|x86 = Ad-Hoc|x86
		AppStore|Any CPU = AppStore|Any CPU
		AppStore|ARM = AppStore|ARM
		AppStore|iPhone = AppStore|iPhone
		AppStore|iPhoneSimulator = AppStore|iPhoneSimulator
		AppStore|x64 = AppStore|x64
		AppStore|x86 = AppStore|x86
		Debug|Any CPU = Debug|Any CPU
		Debug|ARM = Debug|ARM
		Debug|iPhone = Debug|iPhone
		Debug|iPhoneSimulator = Debug|iPhoneSimulator
		Debug|x64 = Debug|x64
		Debug|x86 = Debug|x86
		Release|Any CPU = Release|Any CPU
		Release|ARM = Release|ARM
		Release|iPhone = Release|iPhone
		Release|iPhoneSimulator = Release|iPhoneSimulator
		Release|x64 = Release|x64
		Release|x86 = Release|x86
	EndGlobalSection
	GlobalSection(ProjectConfigurationPlatforms) = postSolution
		{258DA313-FFD5-4080-9EB6-F7D34AC91641}.Ad-Hoc|Any CPU.ActiveCfg = Release|Any CPU
		{258DA313-FFD5-4080-9EB6-F7D34AC91641}.Ad-Hoc|Any CPU.Build.0 = Release|Any CPU
		{258DA313-FFD5-4080-9EB6-F7D34AC91641}.Ad-Hoc|Any CPU.Deploy.0 = Release|Any CPU
		{258DA313-FFD5-4080-9EB6-F7D34AC91641}.Ad-Hoc|ARM.ActiveCfg = Release|Any CPU
		{258DA313-FFD5-4080-9EB6-F7D34AC91641}.Ad-Hoc|ARM.Build.0 = Release|Any CPU
		{258DA313-FFD5-4080-9EB6-F7D34AC91641}.Ad-Hoc|ARM.Deploy.0 = Release|Any CPU
		{258DA313-FFD5-4080-9EB6-F7D34AC91641}.Ad-Hoc|iPhone.ActiveCfg = Release|Any CPU
		{258DA313-FFD5-4080-9EB6-F7D34AC91641}.Ad-Hoc|iPhone.Build.0 = Release|Any CPU
		{258DA313-FFD5-4080-9EB6-F7D34AC91641}.Ad-Hoc|iPhone.Deploy.0 = Release|Any CPU
		{258DA313-FFD5-4080-9EB6-F7D34AC91641}.Ad-Hoc|iPhoneSimulator.ActiveCfg = Release|Any CPU
		{258DA313-FFD5-4080-9EB6-F7D34AC91641}.Ad-Hoc|iPhoneSimulator.Build.0 = Release|Any CPU
		{258DA313-FFD5-4080-9EB6-F7D34AC91641}.Ad-Hoc|iPhoneSimulator.Deploy.0 = Release|Any CPU
		{258DA313-FFD5-4080-9EB6-F7D34AC91641}.Ad-Hoc|x64.ActiveCfg = Release|Any CPU
		{258DA313-FFD5-4080-9EB6-F7D34AC91641}.Ad-Hoc|x64.Build.0 = Release|Any CPU
		{258DA313-FFD5-4080-9EB6-F7D34AC91641}.Ad-Hoc|x64.Deploy.0 = Release|Any CPU
		{258DA313-FFD5-4080-9EB6-F7D34AC91641}.Ad-Hoc|x86.ActiveCfg = Release|Any CPU
		{258DA313-FFD5-4080-9EB6-F7D34AC91641}.Ad-Hoc|x86.Build.0 = Release|Any CPU
		{258DA313-FFD5-4080-9EB6-F7D34AC91641}.Ad-Hoc|x86.Deploy.0 = Release|Any CPU
		{258DA313-FFD5-4080-9EB6-F7D34AC91641}.AppStore|Any CPU.ActiveCfg = Release|Any CPU
		{258DA313-FFD5-4080-9EB6-F7D34AC91641}.AppStore|Any CPU.Build.0 = Release|Any CPU
		{258DA313-FFD5-4080-9EB6-F7D34AC91641}.AppStore|Any CPU.Deploy.0 = Release|Any CPU
		{258DA313-FFD5-4080-9EB6-F7D34AC91641}.AppStore|ARM.ActiveCfg = Release|Any CPU
		{258DA313-FFD5-4080-9EB6-F7D34AC91641}.AppStore|ARM.Build.0 = Release|Any CPU
		{258DA313-FFD5-4080-9EB6-F7D34AC91641}.AppStore|ARM.Deploy.0 = Release|Any CPU
		{258DA313-FFD5-4080-9EB6-F7D34AC91641}.AppStore|iPhone.ActiveCfg = Release|Any CPU
		{258DA313-FFD5-4080-9EB6-F7D34AC91641}.AppStore|iPhone.Build.0 = Release|Any CPU
		{258DA313-FFD5-4080-9EB6-F7D34AC91641}.AppStore|iPhone.Deploy.0 = Release|Any CPU
		{258DA313-FFD5-4080-9EB6-F7D34AC91641}.AppStore|iPhoneSimulator.ActiveCfg = Release|Any CPU
		{258DA313-FFD5-4080-9EB6-F7D34AC91641}.AppStore|iPhoneSimulator.Build.0 = Release|Any CPU
		{258DA313-FFD5-4080-9EB6-F7D34AC91641}.AppStore|iPhoneSimulator.Deploy.0 = Release|Any CPU
		{258DA313-FFD5-4080-9EB6-F7D34AC91641}.AppStore|x64.ActiveCfg = Release|Any CPU
		{258DA313-FFD5-4080-9EB6-F7D34AC91641}.AppStore|x64.Build.0 = Release|Any CPU
		{258DA313-FFD5-4080-9EB6-F7D34AC91641}.AppStore|x64.Deploy.0 = Release|Any CPU
		{258DA313-FFD5-4080-9EB6-F7D34AC91641}.AppStore|x86.ActiveCfg = Release|Any CPU
		{258DA313-FFD5-4080-9EB6-F7D34AC91641}.AppStore|x86.Build.0 = Release|Any CPU
		{258DA313-FFD5-4080-9EB6-F7D34AC91641}.AppStore|x86.Deploy.0 = Release|Any CPU
		{258DA313-FFD5-4080-9EB6-F7D34AC91641}.Debug|Any CPU.ActiveCfg = Debug|Any CPU
		{258DA313-FFD5-4080-9EB6-F7D34AC91641}.Debug|Any CPU.Build.0 = Debug|Any CPU
		{258DA313-FFD5-4080-9EB6-F7D34AC91641}.Debug|Any CPU.Deploy.0 = Debug|Any CPU
		{258DA313-FFD5-4080-9EB6-F7D34AC91641}.Debug|ARM.ActiveCfg = Debug|Any CPU
		{258DA313-FFD5-4080-9EB6-F7D34AC91641}.Debug|ARM.Build.0 = Debug|Any CPU
		{258DA313-FFD5-4080-9EB6-F7D34AC91641}.Debug|ARM.Deploy.0 = Debug|Any CPU
		{258DA313-FFD5-4080-9EB6-F7D34AC91641}.Debug|iPhone.ActiveCfg = Debug|Any CPU
		{258DA313-FFD5-4080-9EB6-F7D34AC91641}.Debug|iPhone.Build.0 = Debug|Any CPU
		{258DA313-FFD5-4080-9EB6-F7D34AC91641}.Debug|iPhone.Deploy.0 = Debug|Any CPU
		{258DA313-FFD5-4080-9EB6-F7D34AC91641}.Debug|iPhoneSimulator.ActiveCfg = Debug|Any CPU
		{258DA313-FFD5-4080-9EB6-F7D34AC91641}.Debug|iPhoneSimulator.Build.0 = Debug|Any CPU
		{258DA313-FFD5-4080-9EB6-F7D34AC91641}.Debug|iPhoneSimulator.Deploy.0 = Debug|Any CPU
		{258DA313-FFD5-4080-9EB6-F7D34AC91641}.Debug|x64.ActiveCfg = Debug|Any CPU
		{258DA313-FFD5-4080-9EB6-F7D34AC91641}.Debug|x64.Build.0 = Debug|Any CPU
		{258DA313-FFD5-4080-9EB6-F7D34AC91641}.Debug|x64.Deploy.0 = Debug|Any CPU
		{258DA313-FFD5-4080-9EB6-F7D34AC91641}.Debug|x86.ActiveCfg = Debug|Any CPU
		{258DA313-FFD5-4080-9EB6-F7D34AC91641}.Debug|x86.Build.0 = Debug|Any CPU
		{258DA313-FFD5-4080-9EB6-F7D34AC91641}.Debug|x86.Deploy.0 = Debug|Any CPU
		{258DA313-FFD5-4080-9EB6-F7D34AC91641}.Release|Any CPU.ActiveCfg = Release|Any CPU
		{258DA313-FFD5-4080-9EB6-F7D34AC91641}.Release|Any CPU.Build.0 = Release|Any CPU
		{258DA313-FFD5-4080-9EB6-F7D34AC91641}.Release|Any CPU.Deploy.0 = Release|Any CPU
		{258DA313-FFD5-4080-9EB6-F7D34AC91641}.Release|ARM.ActiveCfg = Release|Any CPU
		{258DA313-FFD5-4080-9EB6-F7D34AC91641}.Release|ARM.Build.0 = Release|Any CPU
		{258DA313-FFD5-4080-9EB6-F7D34AC91641}.Release|ARM.Deploy.0 = Release|Any CPU
		{258DA313-FFD5-4080-9EB6-F7D34AC91641}.Release|iPhone.ActiveCfg = Release|Any CPU
		{258DA313-FFD5-4080-9EB6-F7D34AC91641}.Release|iPhone.Build.0 = Release|Any CPU
		{258DA313-FFD5-4080-9EB6-F7D34AC91641}.Release|iPhone.Deploy.0 = Release|Any CPU
		{258DA313-FFD5-4080-9EB6-F7D34AC91641}.Release|iPhoneSimulator.ActiveCfg = Release|Any CPU
		{258DA313-FFD5-4080-9EB6-F7D34AC91641}.Release|iPhoneSimulator.Build.0 = Release|Any CPU
		{258DA313-FFD5-4080-9EB6-F7D34AC91641}.Release|iPhoneSimulator.Deploy.0 = Release|Any CPU
		{258DA313-FFD5-4080-9EB6-F7D34AC91641}.Release|x64.ActiveCfg = Release|Any CPU
		{258DA313-FFD5-4080-9EB6-F7D34AC91641}.Release|x64.Build.0 = Release|Any CPU
		{258DA313-FFD5-4080-9EB6-F7D34AC91641}.Release|x64.Deploy.0 = Release|Any CPU
		{258DA313-FFD5-4080-9EB6-F7D34AC91641}.Release|x86.ActiveCfg = Release|Any CPU
		{258DA313-FFD5-4080-9EB6-F7D34AC91641}.Release|x86.Build.0 = Release|Any CPU
		{258DA313-FFD5-4080-9EB6-F7D34AC91641}.Release|x86.Deploy.0 = Release|Any CPU
		{07CB84D1-2729-4C36-8753-C75430C9A666}.Ad-Hoc|Any CPU.ActiveCfg = Release|Any CPU
		{07CB84D1-2729-4C36-8753-C75430C9A666}.Ad-Hoc|Any CPU.Build.0 = Release|Any CPU
		{07CB84D1-2729-4C36-8753-C75430C9A666}.Ad-Hoc|ARM.ActiveCfg = Release|Any CPU
		{07CB84D1-2729-4C36-8753-C75430C9A666}.Ad-Hoc|ARM.Build.0 = Release|Any CPU
		{07CB84D1-2729-4C36-8753-C75430C9A666}.Ad-Hoc|iPhone.ActiveCfg = Release|Any CPU
		{07CB84D1-2729-4C36-8753-C75430C9A666}.Ad-Hoc|iPhone.Build.0 = Release|Any CPU
		{07CB84D1-2729-4C36-8753-C75430C9A666}.Ad-Hoc|iPhoneSimulator.ActiveCfg = Release|Any CPU
		{07CB84D1-2729-4C36-8753-C75430C9A666}.Ad-Hoc|iPhoneSimulator.Build.0 = Release|Any CPU
		{07CB84D1-2729-4C36-8753-C75430C9A666}.Ad-Hoc|x64.ActiveCfg = Release|Any CPU
		{07CB84D1-2729-4C36-8753-C75430C9A666}.Ad-Hoc|x64.Build.0 = Release|Any CPU
		{07CB84D1-2729-4C36-8753-C75430C9A666}.Ad-Hoc|x86.ActiveCfg = Release|Any CPU
		{07CB84D1-2729-4C36-8753-C75430C9A666}.Ad-Hoc|x86.Build.0 = Release|Any CPU
		{07CB84D1-2729-4C36-8753-C75430C9A666}.AppStore|Any CPU.ActiveCfg = Release|Any CPU
		{07CB84D1-2729-4C36-8753-C75430C9A666}.AppStore|Any CPU.Build.0 = Release|Any CPU
		{07CB84D1-2729-4C36-8753-C75430C9A666}.AppStore|ARM.ActiveCfg = Release|Any CPU
		{07CB84D1-2729-4C36-8753-C75430C9A666}.AppStore|ARM.Build.0 = Release|Any CPU
		{07CB84D1-2729-4C36-8753-C75430C9A666}.AppStore|iPhone.ActiveCfg = Release|Any CPU
		{07CB84D1-2729-4C36-8753-C75430C9A666}.AppStore|iPhone.Build.0 = Release|Any CPU
		{07CB84D1-2729-4C36-8753-C75430C9A666}.AppStore|iPhoneSimulator.ActiveCfg = Release|Any CPU
		{07CB84D1-2729-4C36-8753-C75430C9A666}.AppStore|iPhoneSimulator.Build.0 = Release|Any CPU
		{07CB84D1-2729-4C36-8753-C75430C9A666}.AppStore|x64.ActiveCfg = Release|Any CPU
		{07CB84D1-2729-4C36-8753-C75430C9A666}.AppStore|x64.Build.0 = Release|Any CPU
		{07CB84D1-2729-4C36-8753-C75430C9A666}.AppStore|x86.ActiveCfg = Release|Any CPU
		{07CB84D1-2729-4C36-8753-C75430C9A666}.AppStore|x86.Build.0 = Release|Any CPU
		{07CB84D1-2729-4C36-8753-C75430C9A666}.Debug|Any CPU.ActiveCfg = Debug|Any CPU
		{07CB84D1-2729-4C36-8753-C75430C9A666}.Debug|Any CPU.Build.0 = Debug|Any CPU
		{07CB84D1-2729-4C36-8753-C75430C9A666}.Debug|ARM.ActiveCfg = Debug|Any CPU
		{07CB84D1-2729-4C36-8753-C75430C9A666}.Debug|ARM.Build.0 = Debug|Any CPU
		{07CB84D1-2729-4C36-8753-C75430C9A666}.Debug|iPhone.ActiveCfg = Debug|Any CPU
		{07CB84D1-2729-4C36-8753-C75430C9A666}.Debug|iPhone.Build.0 = Debug|Any CPU
		{07CB84D1-2729-4C36-8753-C75430C9A666}.Debug|iPhoneSimulator.ActiveCfg = Debug|Any CPU
		{07CB84D1-2729-4C36-8753-C75430C9A666}.Debug|iPhoneSimulator.Build.0 = Debug|Any CPU
		{07CB84D1-2729-4C36-8753-C75430C9A666}.Debug|x64.ActiveCfg = Debug|Any CPU
		{07CB84D1-2729-4C36-8753-C75430C9A666}.Debug|x64.Build.0 = Debug|Any CPU
		{07CB84D1-2729-4C36-8753-C75430C9A666}.Debug|x86.ActiveCfg = Debug|Any CPU
		{07CB84D1-2729-4C36-8753-C75430C9A666}.Debug|x86.Build.0 = Debug|Any CPU
		{07CB84D1-2729-4C36-8753-C75430C9A666}.Release|Any CPU.ActiveCfg = Release|Any CPU
		{07CB84D1-2729-4C36-8753-C75430C9A666}.Release|Any CPU.Build.0 = Release|Any CPU
		{07CB84D1-2729-4C36-8753-C75430C9A666}.Release|ARM.ActiveCfg = Release|Any CPU
		{07CB84D1-2729-4C36-8753-C75430C9A666}.Release|ARM.Build.0 = Release|Any CPU
		{07CB84D1-2729-4C36-8753-C75430C9A666}.Release|iPhone.ActiveCfg = Release|Any CPU
		{07CB84D1-2729-4C36-8753-C75430C9A666}.Release|iPhone.Build.0 = Release|Any CPU
		{07CB84D1-2729-4C36-8753-C75430C9A666}.Release|iPhoneSimulator.ActiveCfg = Release|Any CPU
		{07CB84D1-2729-4C36-8753-C75430C9A666}.Release|iPhoneSimulator.Build.0 = Release|Any CPU
		{07CB84D1-2729-4C36-8753-C75430C9A666}.Release|x64.ActiveCfg = Release|Any CPU
		{07CB84D1-2729-4C36-8753-C75430C9A666}.Release|x64.Build.0 = Release|Any CPU
		{07CB84D1-2729-4C36-8753-C75430C9A666}.Release|x86.ActiveCfg = Release|Any CPU
		{07CB84D1-2729-4C36-8753-C75430C9A666}.Release|x86.Build.0 = Release|Any CPU
		{980CFC91-63A9-499D-A815-1CA584D5551E}.Ad-Hoc|Any CPU.ActiveCfg = Release|x86
		{980CFC91-63A9-499D-A815-1CA584D5551E}.Ad-Hoc|Any CPU.Build.0 = Release|x86
		{980CFC91-63A9-499D-A815-1CA584D5551E}.Ad-Hoc|Any CPU.Deploy.0 = Release|x86
		{980CFC91-63A9-499D-A815-1CA584D5551E}.Ad-Hoc|ARM.ActiveCfg = Release|ARM
		{980CFC91-63A9-499D-A815-1CA584D5551E}.Ad-Hoc|ARM.Build.0 = Release|ARM
		{980CFC91-63A9-499D-A815-1CA584D5551E}.Ad-Hoc|ARM.Deploy.0 = Release|ARM
		{980CFC91-63A9-499D-A815-1CA584D5551E}.Ad-Hoc|iPhone.ActiveCfg = Release|x86
		{980CFC91-63A9-499D-A815-1CA584D5551E}.Ad-Hoc|iPhone.Build.0 = Release|x86
		{980CFC91-63A9-499D-A815-1CA584D5551E}.Ad-Hoc|iPhone.Deploy.0 = Release|x86
		{980CFC91-63A9-499D-A815-1CA584D5551E}.Ad-Hoc|iPhoneSimulator.ActiveCfg = Release|x86
		{980CFC91-63A9-499D-A815-1CA584D5551E}.Ad-Hoc|iPhoneSimulator.Build.0 = Release|x86
		{980CFC91-63A9-499D-A815-1CA584D5551E}.Ad-Hoc|iPhoneSimulator.Deploy.0 = Release|x86
		{980CFC91-63A9-499D-A815-1CA584D5551E}.Ad-Hoc|x64.ActiveCfg = Release|x64
		{980CFC91-63A9-499D-A815-1CA584D5551E}.Ad-Hoc|x64.Build.0 = Release|x64
		{980CFC91-63A9-499D-A815-1CA584D5551E}.Ad-Hoc|x64.Deploy.0 = Release|x64
		{980CFC91-63A9-499D-A815-1CA584D5551E}.Ad-Hoc|x86.ActiveCfg = Release|x86
		{980CFC91-63A9-499D-A815-1CA584D5551E}.Ad-Hoc|x86.Build.0 = Release|x86
		{980CFC91-63A9-499D-A815-1CA584D5551E}.Ad-Hoc|x86.Deploy.0 = Release|x86
		{980CFC91-63A9-499D-A815-1CA584D5551E}.AppStore|Any CPU.ActiveCfg = Release|x86
		{980CFC91-63A9-499D-A815-1CA584D5551E}.AppStore|Any CPU.Build.0 = Release|x86
		{980CFC91-63A9-499D-A815-1CA584D5551E}.AppStore|Any CPU.Deploy.0 = Release|x86
		{980CFC91-63A9-499D-A815-1CA584D5551E}.AppStore|ARM.ActiveCfg = Release|ARM
		{980CFC91-63A9-499D-A815-1CA584D5551E}.AppStore|ARM.Build.0 = Release|ARM
		{980CFC91-63A9-499D-A815-1CA584D5551E}.AppStore|ARM.Deploy.0 = Release|ARM
		{980CFC91-63A9-499D-A815-1CA584D5551E}.AppStore|iPhone.ActiveCfg = Release|x86
		{980CFC91-63A9-499D-A815-1CA584D5551E}.AppStore|iPhone.Build.0 = Release|x86
		{980CFC91-63A9-499D-A815-1CA584D5551E}.AppStore|iPhone.Deploy.0 = Release|x86
		{980CFC91-63A9-499D-A815-1CA584D5551E}.AppStore|iPhoneSimulator.ActiveCfg = Release|x86
		{980CFC91-63A9-499D-A815-1CA584D5551E}.AppStore|iPhoneSimulator.Build.0 = Release|x86
		{980CFC91-63A9-499D-A815-1CA584D5551E}.AppStore|iPhoneSimulator.Deploy.0 = Release|x86
		{980CFC91-63A9-499D-A815-1CA584D5551E}.AppStore|x64.ActiveCfg = Release|x64
		{980CFC91-63A9-499D-A815-1CA584D5551E}.AppStore|x64.Build.0 = Release|x64
		{980CFC91-63A9-499D-A815-1CA584D5551E}.AppStore|x64.Deploy.0 = Release|x64
		{980CFC91-63A9-499D-A815-1CA584D5551E}.AppStore|x86.ActiveCfg = Release|x86
		{980CFC91-63A9-499D-A815-1CA584D5551E}.AppStore|x86.Build.0 = Release|x86
		{980CFC91-63A9-499D-A815-1CA584D5551E}.AppStore|x86.Deploy.0 = Release|x86
		{980CFC91-63A9-499D-A815-1CA584D5551E}.Debug|Any CPU.ActiveCfg = Debug|x86
		{980CFC91-63A9-499D-A815-1CA584D5551E}.Debug|ARM.ActiveCfg = Debug|ARM
		{980CFC91-63A9-499D-A815-1CA584D5551E}.Debug|ARM.Build.0 = Debug|ARM
		{980CFC91-63A9-499D-A815-1CA584D5551E}.Debug|ARM.Deploy.0 = Debug|ARM
		{980CFC91-63A9-499D-A815-1CA584D5551E}.Debug|iPhone.ActiveCfg = Debug|x86
		{980CFC91-63A9-499D-A815-1CA584D5551E}.Debug|iPhoneSimulator.ActiveCfg = Debug|x86
		{980CFC91-63A9-499D-A815-1CA584D5551E}.Debug|x64.ActiveCfg = Debug|x64
		{980CFC91-63A9-499D-A815-1CA584D5551E}.Debug|x64.Build.0 = Debug|x64
		{980CFC91-63A9-499D-A815-1CA584D5551E}.Debug|x64.Deploy.0 = Debug|x64
		{980CFC91-63A9-499D-A815-1CA584D5551E}.Debug|x86.ActiveCfg = Debug|x86
		{980CFC91-63A9-499D-A815-1CA584D5551E}.Debug|x86.Build.0 = Debug|x86
		{980CFC91-63A9-499D-A815-1CA584D5551E}.Debug|x86.Deploy.0 = Debug|x86
		{980CFC91-63A9-499D-A815-1CA584D5551E}.Release|Any CPU.ActiveCfg = Release|x86
		{980CFC91-63A9-499D-A815-1CA584D5551E}.Release|ARM.ActiveCfg = Release|ARM
		{980CFC91-63A9-499D-A815-1CA584D5551E}.Release|ARM.Build.0 = Release|ARM
		{980CFC91-63A9-499D-A815-1CA584D5551E}.Release|ARM.Deploy.0 = Release|ARM
		{980CFC91-63A9-499D-A815-1CA584D5551E}.Release|iPhone.ActiveCfg = Release|x86
		{980CFC91-63A9-499D-A815-1CA584D5551E}.Release|iPhoneSimulator.ActiveCfg = Release|x86
		{980CFC91-63A9-499D-A815-1CA584D5551E}.Release|x64.ActiveCfg = Release|x64
		{980CFC91-63A9-499D-A815-1CA584D5551E}.Release|x64.Build.0 = Release|x64
		{980CFC91-63A9-499D-A815-1CA584D5551E}.Release|x64.Deploy.0 = Release|x64
		{980CFC91-63A9-499D-A815-1CA584D5551E}.Release|x86.ActiveCfg = Release|x86
		{980CFC91-63A9-499D-A815-1CA584D5551E}.Release|x86.Build.0 = Release|x86
		{980CFC91-63A9-499D-A815-1CA584D5551E}.Release|x86.Deploy.0 = Release|x86
		{D203E16F-8815-4BB9-B9EF-9AE4BDD9FE06}.Ad-Hoc|Any CPU.ActiveCfg = Ad-Hoc|iPhone
		{D203E16F-8815-4BB9-B9EF-9AE4BDD9FE06}.Ad-Hoc|ARM.ActiveCfg = Ad-Hoc|iPhone
		{D203E16F-8815-4BB9-B9EF-9AE4BDD9FE06}.Ad-Hoc|iPhone.ActiveCfg = Ad-Hoc|iPhone
		{D203E16F-8815-4BB9-B9EF-9AE4BDD9FE06}.Ad-Hoc|iPhone.Build.0 = Ad-Hoc|iPhone
		{D203E16F-8815-4BB9-B9EF-9AE4BDD9FE06}.Ad-Hoc|iPhoneSimulator.ActiveCfg = Ad-Hoc|iPhoneSimulator
		{D203E16F-8815-4BB9-B9EF-9AE4BDD9FE06}.Ad-Hoc|iPhoneSimulator.Build.0 = Ad-Hoc|iPhoneSimulator
		{D203E16F-8815-4BB9-B9EF-9AE4BDD9FE06}.Ad-Hoc|x64.ActiveCfg = Ad-Hoc|iPhone
		{D203E16F-8815-4BB9-B9EF-9AE4BDD9FE06}.Ad-Hoc|x86.ActiveCfg = Ad-Hoc|iPhone
		{D203E16F-8815-4BB9-B9EF-9AE4BDD9FE06}.AppStore|Any CPU.ActiveCfg = AppStore|iPhone
		{D203E16F-8815-4BB9-B9EF-9AE4BDD9FE06}.AppStore|ARM.ActiveCfg = AppStore|iPhone
		{D203E16F-8815-4BB9-B9EF-9AE4BDD9FE06}.AppStore|iPhone.ActiveCfg = AppStore|iPhone
		{D203E16F-8815-4BB9-B9EF-9AE4BDD9FE06}.AppStore|iPhone.Build.0 = AppStore|iPhone
		{D203E16F-8815-4BB9-B9EF-9AE4BDD9FE06}.AppStore|iPhoneSimulator.ActiveCfg = AppStore|iPhoneSimulator
		{D203E16F-8815-4BB9-B9EF-9AE4BDD9FE06}.AppStore|iPhoneSimulator.Build.0 = AppStore|iPhoneSimulator
		{D203E16F-8815-4BB9-B9EF-9AE4BDD9FE06}.AppStore|x64.ActiveCfg = AppStore|iPhone
		{D203E16F-8815-4BB9-B9EF-9AE4BDD9FE06}.AppStore|x86.ActiveCfg = AppStore|iPhone
		{D203E16F-8815-4BB9-B9EF-9AE4BDD9FE06}.Debug|Any CPU.ActiveCfg = Debug|iPhone
		{D203E16F-8815-4BB9-B9EF-9AE4BDD9FE06}.Debug|ARM.ActiveCfg = Debug|iPhone
		{D203E16F-8815-4BB9-B9EF-9AE4BDD9FE06}.Debug|iPhone.ActiveCfg = Debug|iPhone
		{D203E16F-8815-4BB9-B9EF-9AE4BDD9FE06}.Debug|iPhone.Build.0 = Debug|iPhone
		{D203E16F-8815-4BB9-B9EF-9AE4BDD9FE06}.Debug|iPhoneSimulator.ActiveCfg = Debug|iPhoneSimulator
		{D203E16F-8815-4BB9-B9EF-9AE4BDD9FE06}.Debug|iPhoneSimulator.Build.0 = Debug|iPhoneSimulator
		{D203E16F-8815-4BB9-B9EF-9AE4BDD9FE06}.Debug|x64.ActiveCfg = Debug|iPhone
		{D203E16F-8815-4BB9-B9EF-9AE4BDD9FE06}.Debug|x86.ActiveCfg = Debug|iPhone
		{D203E16F-8815-4BB9-B9EF-9AE4BDD9FE06}.Release|Any CPU.ActiveCfg = Release|iPhone
		{D203E16F-8815-4BB9-B9EF-9AE4BDD9FE06}.Release|ARM.ActiveCfg = Release|iPhone
		{D203E16F-8815-4BB9-B9EF-9AE4BDD9FE06}.Release|iPhone.ActiveCfg = Release|iPhone
		{D203E16F-8815-4BB9-B9EF-9AE4BDD9FE06}.Release|iPhone.Build.0 = Release|iPhone
		{D203E16F-8815-4BB9-B9EF-9AE4BDD9FE06}.Release|iPhoneSimulator.ActiveCfg = Release|iPhoneSimulator
		{D203E16F-8815-4BB9-B9EF-9AE4BDD9FE06}.Release|iPhoneSimulator.Build.0 = Release|iPhoneSimulator
		{D203E16F-8815-4BB9-B9EF-9AE4BDD9FE06}.Release|x64.ActiveCfg = Release|iPhone
		{D203E16F-8815-4BB9-B9EF-9AE4BDD9FE06}.Release|x86.ActiveCfg = Release|iPhone
	EndGlobalSection
	GlobalSection(SolutionProperties) = preSolution
		HideSolutionNode = FALSE
	EndGlobalSection
EndGlobal
